
Microsoft Visual Studio Solution File, Format Version 12.00
# Visual Studio Version 17
VisualStudioVersion = 17.1.32210.238
MinimumVisualStudioVersion = 10.0.40219.1
Project("{FAE04EC0-301F-11D3-BF4B-00C04F79EFBC}") = "WPFThemes.7", "WPFThemes.7\WPFThemes.7.csproj", "{D100D988-1F7F-42C4-995B-896B752AF67B}"
EndProject
Project("{2150E333-8FDC-42A3-9474-1A3956D46DE8}") = "Solution Items", "Solution Items", "{86741E61-F785-4194-BD7F-7AF0CAF95D53}"
	ProjectSection(SolutionItems) = preProject
		..\..\..\Desktop\Demo\WPF Themes\ShinyRed.xaml = ..\..\..\Desktop\Demo\WPF Themes\ShinyRed.xaml
	EndProjectSection
EndProject
Global
	GlobalSection(SolutionConfigurationPlatforms) = preSolution
		Debug|Any CPU = Debug|Any CPU
		Release|Any CPU = Release|Any CPU
	EndGlobalSection
	GlobalSection(ProjectConfigurationPlatforms) = postSolution
		{D100D988-1F7F-42C4-995B-896B752AF67B}.Debug|Any CPU.ActiveCfg = Debug|Any CPU
		{D100D988-1F7F-42C4-995B-896B752AF67B}.Debug|Any CPU.Build.0 = Debug|Any CPU
		{D100D988-1F7F-42C4-995B-896B752AF67B}.Release|Any CPU.ActiveCfg = Release|Any CPU
		{D100D988-1F7F-42C4-995B-896B752AF67B}.Release|Any CPU.Build.0 = Release|Any CPU
	EndGlobalSection
	GlobalSection(SolutionProperties) = preSolution
		HideSolutionNode = FALSE
	EndGlobalSection
	GlobalSection(ExtensibilityGlobals) = postSolution
		SolutionGuid = {4FA2B90A-8F08-4DB6-914E-147FBF70B75F}
	EndGlobalSection
EndGlobal
